#MicroXplorer Configuration settings - do not modify
ADC1.Channel-0\#ChannelRegularConversion=ADC_CHANNEL_4
ADC1.Channel-1\#ChannelRegularConversion=ADC_CHANNEL_5
ADC1.Channel-2\#ChannelRegularConversion=ADC_CHANNEL_8
ADC1.Channel-3\#ChannelRegularConversion=ADC_CHANNEL_9
ADC1.Channel-4\#ChannelRegularConversion=ADC_CHANNEL_18
ADC1.Channel-5\#ChannelRegularConversion=ADC_CHANNEL_19
ADC1.ClockPrescaler=ADC_CLOCK_ASYNC_DIV8
ADC1.ContinuousConvMode=ENABLE
ADC1.ConversionDataManagement=ADC_CONVERSIONDATA_DMA_CIRCULAR
ADC1.IPParameters=Rank-0\#ChannelRegularConversion,Channel-0\#ChannelRegularConversion,SamplingTime-0\#ChannelRegularConversion,OffsetNumber-0\#ChannelRegularConversion,OffsetSignedSaturation-0\#ChannelRegularConversion,NbrOfConversionFlag,master,Rank-1\#ChannelRegularConversion,Channel-1\#ChannelRegularConversion,SamplingTime-1\#ChannelRegularConversion,OffsetNumber-1\#ChannelRegularConversion,OffsetSignedSaturation-1\#ChannelRegularConversion,Rank-2\#ChannelRegularConversion,Channel-2\#ChannelRegularConversion,SamplingTime-2\#ChannelRegularConversion,OffsetNumber-2\#ChannelRegularConversion,OffsetSignedSaturation-2\#ChannelRegularConversion,Rank-3\#ChannelRegularConversion,Channel-3\#ChannelRegularConversion,SamplingTime-3\#ChannelRegularConversion,OffsetNumber-3\#ChannelRegularConversion,OffsetSignedSaturation-3\#ChannelRegularConversion,Rank-4\#ChannelRegularConversion,Channel-4\#ChannelRegularConversion,SamplingTime-4\#ChannelRegularConversion,OffsetNumber-4\#ChannelRegularConversion,OffsetSignedSaturation-4\#ChannelRegularConversion,Rank-5\#ChannelRegularConversion,Channel-5\#ChannelRegularConversion,SamplingTime-5\#ChannelRegularConversion,OffsetNumber-5\#ChannelRegularConversion,OffsetSignedSaturation-5\#ChannelRegularConversion,NbrOfConversion,ContinuousConvMode,ConversionDataManagement,OversamplingMode,RightBitShift,Ratio,ClockPrescaler,Overrun,OversamplingStopReset
ADC1.NbrOfConversion=6
ADC1.NbrOfConversionFlag=1
ADC1.OffsetNumber-0\#ChannelRegularConversion=ADC_OFFSET_NONE
ADC1.OffsetNumber-1\#ChannelRegularConversion=ADC_OFFSET_NONE
ADC1.OffsetNumber-2\#ChannelRegularConversion=ADC_OFFSET_NONE
ADC1.OffsetNumber-3\#ChannelRegularConversion=ADC_OFFSET_NONE
ADC1.OffsetNumber-4\#ChannelRegularConversion=ADC_OFFSET_NONE
ADC1.OffsetNumber-5\#ChannelRegularConversion=ADC_OFFSET_NONE
ADC1.OffsetSignedSaturation-0\#ChannelRegularConversion=DISABLE
ADC1.OffsetSignedSaturation-1\#ChannelRegularConversion=DISABLE
ADC1.OffsetSignedSaturation-2\#ChannelRegularConversion=DISABLE
ADC1.OffsetSignedSaturation-3\#ChannelRegularConversion=DISABLE
ADC1.OffsetSignedSaturation-4\#ChannelRegularConversion=DISABLE
ADC1.OffsetSignedSaturation-5\#ChannelRegularConversion=DISABLE
ADC1.Overrun=ADC_OVR_DATA_OVERWRITTEN
ADC1.OversamplingMode=ENABLE
ADC1.OversamplingStopReset=ADC_REGOVERSAMPLING_RESUMED_MODE
ADC1.Rank-0\#ChannelRegularConversion=1
ADC1.Rank-1\#ChannelRegularConversion=2
ADC1.Rank-2\#ChannelRegularConversion=3
ADC1.Rank-3\#ChannelRegularConversion=4
ADC1.Rank-4\#ChannelRegularConversion=5
ADC1.Rank-5\#ChannelRegularConversion=6
ADC1.Ratio=1024
ADC1.RightBitShift=ADC_RIGHTBITSHIFT_10
ADC1.SamplingTime-0\#ChannelRegularConversion=ADC_SAMPLETIME_16CYCLES_5
ADC1.SamplingTime-1\#ChannelRegularConversion=ADC_SAMPLETIME_16CYCLES_5
ADC1.SamplingTime-2\#ChannelRegularConversion=ADC_SAMPLETIME_16CYCLES_5
ADC1.SamplingTime-3\#ChannelRegularConversion=ADC_SAMPLETIME_16CYCLES_5
ADC1.SamplingTime-4\#ChannelRegularConversion=ADC_SAMPLETIME_16CYCLES_5
ADC1.SamplingTime-5\#ChannelRegularConversion=ADC_SAMPLETIME_16CYCLES_5
ADC1.master=1
ADC3.Channel-0\#ChannelRegularConversion=ADC_CHANNEL_TEMPSENSOR
ADC3.Channel-1\#ChannelRegularConversion=ADC_CHANNEL_1
ADC3.ClockPrescaler=ADC_CLOCK_ASYNC_DIV8
ADC3.ContinuousConvMode=ENABLE
ADC3.ConversionDataManagement=ADC_CONVERSIONDATA_DMA_CIRCULAR
ADC3.IPParameters=Rank-0\#ChannelRegularConversion,Channel-0\#ChannelRegularConversion,SamplingTime-0\#ChannelRegularConversion,OffsetNumber-0\#ChannelRegularConversion,OffsetSignedSaturation-0\#ChannelRegularConversion,NbrOfConversionFlag,ContinuousConvMode,LeftBitShift,ConversionDataManagement,Rank-1\#ChannelRegularConversion,Channel-1\#ChannelRegularConversion,SamplingTime-1\#ChannelRegularConversion,OffsetNumber-1\#ChannelRegularConversion,OffsetSignedSaturation-1\#ChannelRegularConversion,NbrOfConversion,Overrun,OversamplingMode,RightBitShift,Ratio,ClockPrescaler
ADC3.LeftBitShift=ADC_LEFTBITSHIFT_NONE
ADC3.NbrOfConversion=2
ADC3.NbrOfConversionFlag=1
ADC3.OffsetNumber-0\#ChannelRegularConversion=ADC_OFFSET_NONE
ADC3.OffsetNumber-1\#ChannelRegularConversion=ADC_OFFSET_NONE
ADC3.OffsetSignedSaturation-0\#ChannelRegularConversion=DISABLE
ADC3.OffsetSignedSaturation-1\#ChannelRegularConversion=DISABLE
ADC3.Overrun=ADC_OVR_DATA_OVERWRITTEN
ADC3.OversamplingMode=ENABLE
ADC3.Rank-0\#ChannelRegularConversion=1
ADC3.Rank-1\#ChannelRegularConversion=2
ADC3.Ratio=1024
ADC3.RightBitShift=ADC_RIGHTBITSHIFT_10
ADC3.SamplingTime-0\#ChannelRegularConversion=ADC_SAMPLETIME_810CYCLES_5
ADC3.SamplingTime-1\#ChannelRegularConversion=ADC_SAMPLETIME_810CYCLES_5
CORTEX_M7.AccessPermission-Cortex_Memory_Protection_Unit_Region0_Settings=MPU_REGION_FULL_ACCESS
CORTEX_M7.BaseAddress-Cortex_Memory_Protection_Unit_Region0_Settings=0x38000000
CORTEX_M7.CPU_DCache=Enabled
CORTEX_M7.CPU_ICache=Enabled
CORTEX_M7.Enable-Cortex_Memory_Protection_Unit_Region0_Settings=MPU_REGION_ENABLE
CORTEX_M7.IPParameters=CPU_ICache,CPU_DCache,MPU_Control,Enable-Cortex_Memory_Protection_Unit_Region0_Settings,BaseAddress-Cortex_Memory_Protection_Unit_Region0_Settings,Size-Cortex_Memory_Protection_Unit_Region0_Settings,IsCacheable-Cortex_Memory_Protection_Unit_Region0_Settings,AccessPermission-Cortex_Memory_Protection_Unit_Region0_Settings
CORTEX_M7.IsCacheable-Cortex_Memory_Protection_Unit_Region0_Settings=MPU_ACCESS_CACHEABLE
CORTEX_M7.MPU_Control=MPU_PRIVILEGED_DEFAULT
CORTEX_M7.Size-Cortex_Memory_Protection_Unit_Region0_Settings=MPU_REGION_SIZE_64KB
Dma.ADC1.0.Direction=DMA_PERIPH_TO_MEMORY
Dma.ADC1.0.EventEnable=DISABLE
Dma.ADC1.0.FIFOMode=DMA_FIFOMODE_DISABLE
Dma.ADC1.0.Instance=DMA1_Stream1
Dma.ADC1.0.MemDataAlignment=DMA_MDATAALIGN_WORD
Dma.ADC1.0.MemInc=DMA_MINC_ENABLE
Dma.ADC1.0.Mode=DMA_CIRCULAR
Dma.ADC1.0.PeriphDataAlignment=DMA_PDATAALIGN_WORD
Dma.ADC1.0.PeriphInc=DMA_PINC_DISABLE
Dma.ADC1.0.Polarity=HAL_DMAMUX_REQ_GEN_RISING
Dma.ADC1.0.Priority=DMA_PRIORITY_MEDIUM
Dma.ADC1.0.RequestNumber=1
Dma.ADC1.0.RequestParameters=Instance,Direction,PeriphInc,MemInc,PeriphDataAlignment,MemDataAlignment,Mode,Priority,FIFOMode,SignalID,Polarity,RequestNumber,SyncSignalID,SyncPolarity,SyncEnable,EventEnable,SyncRequestNumber
Dma.ADC1.0.SignalID=NONE
Dma.ADC1.0.SyncEnable=DISABLE
Dma.ADC1.0.SyncPolarity=HAL_DMAMUX_SYNC_NO_EVENT
Dma.ADC1.0.SyncRequestNumber=1
Dma.ADC1.0.SyncSignalID=NONE
Dma.ADC3.1.Direction=DMA_PERIPH_TO_MEMORY
Dma.ADC3.1.EventEnable=DISABLE
Dma.ADC3.1.FIFOMode=DMA_FIFOMODE_DISABLE
Dma.ADC3.1.Instance=DMA1_Stream0
Dma.ADC3.1.MemDataAlignment=DMA_MDATAALIGN_WORD
Dma.ADC3.1.MemInc=DMA_MINC_ENABLE
Dma.ADC3.1.Mode=DMA_CIRCULAR
Dma.ADC3.1.PeriphDataAlignment=DMA_PDATAALIGN_WORD
Dma.ADC3.1.PeriphInc=DMA_PINC_DISABLE
Dma.ADC3.1.Polarity=HAL_DMAMUX_REQ_GEN_RISING
Dma.ADC3.1.Priority=DMA_PRIORITY_MEDIUM
Dma.ADC3.1.RequestNumber=1
Dma.ADC3.1.RequestParameters=Instance,Direction,PeriphInc,MemInc,PeriphDataAlignment,MemDataAlignment,Mode,Priority,FIFOMode,SignalID,Polarity,RequestNumber,SyncSignalID,SyncPolarity,SyncEnable,EventEnable,SyncRequestNumber
Dma.ADC3.1.SignalID=NONE
Dma.ADC3.1.SyncEnable=DISABLE
Dma.ADC3.1.SyncPolarity=HAL_DMAMUX_SYNC_NO_EVENT
Dma.ADC3.1.SyncRequestNumber=1
Dma.ADC3.1.SyncSignalID=NONE
Dma.Request0=ADC1
Dma.Request1=ADC3
Dma.RequestsNb=2
File.Version=6
GPIO.groupedBy=Group By Peripherals
KeepUserPlacement=false
Mcu.Family=STM32H7
Mcu.IP0=ADC1
Mcu.IP1=ADC3
Mcu.IP10=TIM4
Mcu.IP11=TIM5
Mcu.IP12=TIM6
Mcu.IP13=TIM8
Mcu.IP14=TIM12
Mcu.IP15=TIM13
Mcu.IP16=TIM14
Mcu.IP17=TIM15
Mcu.IP18=UART4
Mcu.IP19=UART5
Mcu.IP2=CORTEX_M7
Mcu.IP20=USART1
Mcu.IP21=USART2
Mcu.IP22=USART3
Mcu.IP3=DMA
Mcu.IP4=NVIC
Mcu.IP5=RCC
Mcu.IP6=SYS
Mcu.IP7=TIM1
Mcu.IP8=TIM2
Mcu.IP9=TIM3
Mcu.IPNb=23
Mcu.Name=STM32H743VITx
Mcu.Package=LQFP100
Mcu.Pin0=PE5
Mcu.Pin1=PE6
Mcu.Pin10=PA0
Mcu.Pin11=PA1
Mcu.Pin12=PA2
Mcu.Pin13=PA3
Mcu.Pin14=PA4
Mcu.Pin15=PA5
Mcu.Pin16=PA6
Mcu.Pin17=PA7
Mcu.Pin18=PC4
Mcu.Pin19=PC5
Mcu.Pin2=PC14-OSC32_IN (OSC32_IN)
Mcu.Pin20=PB0
Mcu.Pin21=PB1
Mcu.Pin22=PE9
Mcu.Pin23=PE11
Mcu.Pin24=PE12
Mcu.Pin25=PE13
Mcu.Pin26=PE14
Mcu.Pin27=PE15
Mcu.Pin28=PB10
Mcu.Pin29=PB11
Mcu.Pin3=PC15-OSC32_OUT (OSC32_OUT)
Mcu.Pin30=PB12
Mcu.Pin31=PB13
Mcu.Pin32=PB14
Mcu.Pin33=PB15
Mcu.Pin34=PD8
Mcu.Pin35=PD9
Mcu.Pin36=PD10
Mcu.Pin37=PD11
Mcu.Pin38=PD12
Mcu.Pin39=PD13
Mcu.Pin4=PH0-OSC_IN (PH0)
Mcu.Pin40=PC6
Mcu.Pin41=PC7
Mcu.Pin42=PA9
Mcu.Pin43=PA10
Mcu.Pin44=PA11
Mcu.Pin45=PA12
Mcu.Pin46=PA15 (JTDI)
Mcu.Pin47=PD0
Mcu.Pin48=PD1
Mcu.Pin49=PD2
Mcu.Pin5=PH1-OSC_OUT (PH1)
Mcu.Pin50=PD3
Mcu.Pin51=PD4
Mcu.Pin52=PD5
Mcu.Pin53=PD6
Mcu.Pin54=PD7
Mcu.Pin55=PB3 (JTDO/TRACESWO)
Mcu.Pin56=PB4 (NJTRST)
Mcu.Pin57=PB5
Mcu.Pin58=VP_ADC3_TempSens_Input
Mcu.Pin59=VP_SYS_VS_Systick
Mcu.Pin6=PC0
Mcu.Pin60=VP_TIM6_VS_ClockSourceINT
Mcu.Pin61=VP_TIM12_VS_ClockSourceINT
Mcu.Pin62=VP_TIM13_VS_ClockSourceINT
Mcu.Pin63=VP_TIM14_VS_ClockSourceINT
Mcu.Pin64=VP_TIM15_VS_ClockSourceINT
Mcu.Pin7=PC1
Mcu.Pin8=PC2_C
Mcu.Pin9=PC3_C
Mcu.PinsNb=65
Mcu.ThirdPartyNb=0
Mcu.UserConstants=
Mcu.UserName=STM32H743VITx
MxCube.Version=6.4.0
MxDb.Version=DB.6.0.40
NVIC.BusFault_IRQn=true\:0\:0\:false\:false\:true\:false\:false
NVIC.DMA1_Stream0_IRQn=true\:0\:0\:false\:false\:true\:false\:true
NVIC.DMA1_Stream1_IRQn=true\:0\:0\:false\:false\:true\:false\:true
NVIC.DebugMonitor_IRQn=true\:0\:0\:false\:false\:true\:false\:false
NVIC.ForceEnableDMAVector=true
NVIC.HardFault_IRQn=true\:0\:0\:false\:false\:true\:false\:false
NVIC.MemoryManagement_IRQn=true\:0\:0\:false\:false\:true\:false\:false
NVIC.NonMaskableInt_IRQn=true\:0\:0\:false\:false\:true\:false\:false
NVIC.PendSV_IRQn=true\:0\:0\:false\:false\:true\:false\:false
NVIC.PriorityGroup=NVIC_PRIORITYGROUP_4
NVIC.SVCall_IRQn=true\:0\:0\:false\:false\:true\:false\:false
NVIC.SysTick_IRQn=true\:15\:0\:false\:false\:true\:false\:true
NVIC.TIM6_DAC_IRQn=true\:1\:0\:true\:false\:true\:true\:true
NVIC.USART1_IRQn=true\:2\:0\:true\:false\:true\:true\:true
NVIC.USART2_IRQn=true\:2\:0\:true\:false\:true\:true\:true
NVIC.USART3_IRQn=true\:2\:0\:true\:false\:true\:true\:true
NVIC.UsageFault_IRQn=true\:0\:0\:false\:false\:true\:false\:false
PA0.GPIOParameters=GPIO_Label
PA0.GPIO_Label=M5_EncoderA
PA0.Signal=S_TIM5_CH1
PA1.GPIOParameters=GPIO_Label
PA1.GPIO_Label=M5_EncoderB
PA1.Signal=S_TIM5_CH2
PA10.Mode=Asynchronous
PA10.Signal=USART1_RX
PA11.Mode=Asynchronous
PA11.Signal=UART4_RX
PA12.Mode=Asynchronous
PA12.Signal=UART4_TX
PA15\ (JTDI).GPIOParameters=GPIO_Label
PA15\ (JTDI).GPIO_Label=M2_EncoderA
PA15\ (JTDI).Signal=S_TIM2_CH1_ETR
PA2.GPIOParameters=PinAttribute
PA2.Mode=Asynchronous
PA2.PinAttribute=Free
PA2.Signal=USART2_TX
PA3.Mode=Asynchronous
PA3.Signal=USART2_RX
PA4.GPIOParameters=GPIO_Label
PA4.GPIO_Label=M5_ADC
PA4.Signal=ADCx_INP18
PA5.GPIOParameters=GPIO_Label
PA5.GPIO_Label=M6_ADC
PA5.Signal=ADCx_INP19
PA6.GPIOParameters=GPIO_Label
PA6.GPIO_Label=M3_PWM
PA6.Signal=S_TIM13_CH1
PA7.GPIOParameters=GPIO_Label
PA7.GPIO_Label=M4_PWM
PA7.Signal=S_TIM14_CH1
PA9.Mode=Asynchronous
PA9.Signal=USART1_TX
PB0.GPIOParameters=GPIO_Label
PB0.GPIO_Label=M4_ADC
PB0.Signal=ADCx_INP9
PB1.GPIOParameters=GPIO_Label
PB1.GPIO_Label=M2_ADC
PB1.Signal=ADCx_INP5
PB10.Mode=Asynchronous
PB10.Signal=USART3_TX
PB11.Mode=Asynchronous
PB11.Signal=USART3_RX
PB12.Mode=Asynchronous
PB12.Signal=UART5_RX
PB13.Mode=Asynchronous
PB13.Signal=UART5_TX
PB14.GPIOParameters=GPIO_Label
PB14.GPIO_Label=M1_PWM
PB14.Signal=S_TIM12_CH1
PB15.GPIOParameters=GPIO_Label
PB15.GPIO_Label=M2_PWM
PB15.Signal=S_TIM12_CH2
PB3\ (JTDO/TRACESWO).GPIOParameters=GPIO_Label
PB3\ (JTDO/TRACESWO).GPIO_Label=M2_EncoderB
PB3\ (JTDO/TRACESWO).Signal=S_TIM2_CH2
PB4\ (NJTRST).GPIOParameters=GPIO_Label
PB4\ (NJTRST).GPIO_Label=M3_EncoderA
PB4\ (NJTRST).Signal=S_TIM3_CH1
PB5.GPIOParameters=GPIO_Label
PB5.GPIO_Label=M3_EncoderB
PB5.Signal=S_TIM3_CH2
PC0.GPIOParameters=GPIO_Label
PC0.GPIO_Label=LED1
PC0.Locked=true
PC0.Signal=GPIO_Output
PC1.GPIOParameters=GPIO_Label
PC1.GPIO_Label=LED2
PC1.Locked=true
PC1.Signal=GPIO_Output
PC14-OSC32_IN\ (OSC32_IN).Mode=LSE-External-Oscillator
PC14-OSC32_IN\ (OSC32_IN).Signal=RCC_OSC32_IN
PC15-OSC32_OUT\ (OSC32_OUT).Mode=LSE-External-Oscillator
PC15-OSC32_OUT\ (OSC32_OUT).Signal=RCC_OSC32_OUT
PC2_C.GPIOParameters=GPIO_Label
PC2_C.GPIO_Label=LED3
PC2_C.Locked=true
PC2_C.Signal=GPIO_Output
PC3_C.Mode=IN1-Single-Ended
PC3_C.Signal=ADC3_INP1
PC4.GPIOParameters=GPIO_Label
PC4.GPIO_Label=M1_ADC
PC4.Signal=ADCx_INP4
PC5.GPIOParameters=GPIO_Label
PC5.GPIO_Label=M3_ADC
PC5.Signal=ADCx_INP8
PC6.GPIOParameters=GPIO_Label
PC6.GPIO_Label=M6_EncoderA
PC6.Signal=S_TIM8_CH1
PC7.GPIOParameters=GPIO_Label
PC7.GPIO_Label=M6_EncoderB
PC7.Signal=S_TIM8_CH2
PD0.GPIOParameters=GPIO_Label
PD0.GPIO_Label=M1_In1
PD0.Locked=true
PD0.Signal=GPIO_Output
PD1.GPIOParameters=GPIO_Label
PD1.GPIO_Label=M1_In2
PD1.Locked=true
PD1.Signal=GPIO_Output
PD10.GPIOParameters=GPIO_PuPd,GPIO_Label
PD10.GPIO_Label=KEY_Last
PD10.GPIO_PuPd=GPIO_PULLDOWN
PD10.Locked=true
PD10.Signal=GPIO_Input
PD11.GPIOParameters=GPIO_PuPd,GPIO_Label
PD11.GPIO_Label=KEY_Next
PD11.GPIO_PuPd=GPIO_PULLDOWN
PD11.Locked=true
PD11.Signal=GPIO_Input
PD12.GPIOParameters=GPIO_Label
PD12.GPIO_Label=M4_EncoderA
PD12.Signal=S_TIM4_CH1
PD13.GPIOParameters=GPIO_Label
PD13.GPIO_Label=M4_EncoderB
PD13.Signal=S_TIM4_CH2
PD2.GPIOParameters=GPIO_Label
PD2.GPIO_Label=M2_In1
PD2.Locked=true
PD2.Signal=GPIO_Output
PD3.GPIOParameters=GPIO_Label
PD3.GPIO_Label=M2_In2
PD3.Locked=true
PD3.Signal=GPIO_Output
PD4.GPIOParameters=GPIO_Label
PD4.GPIO_Label=M3_In1
PD4.Locked=true
PD4.Signal=GPIO_Output
PD5.GPIOParameters=GPIO_Label
PD5.GPIO_Label=M3_In2
PD5.Locked=true
PD5.Signal=GPIO_Output
PD6.GPIOParameters=GPIO_Label
PD6.GPIO_Label=M4_In1
PD6.Locked=true
PD6.Signal=GPIO_Output
PD7.GPIOParameters=GPIO_Label
PD7.GPIO_Label=M4_In2
PD7.Locked=true
PD7.Signal=GPIO_Output
PD8.GPIOParameters=GPIO_PuPd,GPIO_Label
PD8.GPIO_Label=KEY_Up
PD8.GPIO_PuPd=GPIO_PULLDOWN
PD8.Locked=true
PD8.Signal=GPIO_Input
PD9.GPIOParameters=GPIO_PuPd,GPIO_Label
PD9.GPIO_Label=KEY_Down
PD9.GPIO_PuPd=GPIO_PULLDOWN
PD9.Locked=true
PD9.Signal=GPIO_Input
PE11.GPIOParameters=GPIO_Label,PinAttribute
PE11.GPIO_Label=M1_EncoderB
PE11.PinAttribute=Free
PE11.Signal=S_TIM1_CH2
PE12.GPIOParameters=GPIO_Label,PinAttribute
PE12.GPIO_Label=M5_In1
PE12.Locked=true
PE12.PinAttribute=Free
PE12.Signal=GPIO_Output
PE13.GPIOParameters=GPIO_Label,PinAttribute
PE13.GPIO_Label=M5_In2
PE13.Locked=true
PE13.PinAttribute=Free
PE13.Signal=GPIO_Output
PE14.GPIOParameters=GPIO_Label
PE14.GPIO_Label=M6_In1
PE14.Locked=true
PE14.Signal=GPIO_Output
PE15.GPIOParameters=GPIO_Label
PE15.GPIO_Label=M6_In2
PE15.Locked=true
PE15.Signal=GPIO_Output
PE5.GPIOParameters=GPIO_Label
PE5.GPIO_Label=M5_PWM
PE5.Signal=S_TIM15_CH1
PE6.GPIOParameters=GPIO_Label
PE6.GPIO_Label=M6_PWM
PE6.Signal=S_TIM15_CH2
PE9.GPIOParameters=GPIO_Label,PinAttribute
PE9.GPIO_Label=M1_EncoderA
PE9.PinAttribute=Free
PE9.Signal=S_TIM1_CH1
PH0-OSC_IN\ (PH0).Mode=HSE-External-Oscillator
PH0-OSC_IN\ (PH0).Signal=RCC_OSC_IN
PH1-OSC_OUT\ (PH1).Mode=HSE-External-Oscillator
PH1-OSC_OUT\ (PH1).Signal=RCC_OSC_OUT
PinOutPanel.RotationAngle=0
ProjectManager.AskForMigrate=true
ProjectManager.BackupPrevious=false
ProjectManager.CompilerOptimize=6
ProjectManager.ComputerToolchain=false
ProjectManager.CoupleFile=true
ProjectManager.CustomerFirmwarePackage=
ProjectManager.DefaultFWLocation=true
ProjectManager.DeletePrevious=true
ProjectManager.DeviceId=STM32H743VITx
ProjectManager.FirmwarePackage=STM32Cube FW_H7 V1.9.1
ProjectManager.FreePins=false
ProjectManager.HalAssertFull=false
ProjectManager.HeapSize=0x200
ProjectManager.KeepUserCode=true
ProjectManager.LastFirmware=true
ProjectManager.LibraryCopy=1
ProjectManager.MainLocation=Core/Src
ProjectManager.NoMain=false
ProjectManager.PreviousToolchain=
ProjectManager.ProjectBuild=false
ProjectManager.ProjectFileName=h743vit6.ioc
ProjectManager.ProjectName=h743vit6
ProjectManager.RegisterCallBack=
ProjectManager.StackSize=0x400
ProjectManager.TargetToolchain=MDK-ARM V5.32
ProjectManager.ToolChainLocation=
ProjectManager.UnderRoot=false
ProjectManager.functionlistsort=1-SystemClock_Config-RCC-false-HAL-false,2-MX_GPIO_Init-GPIO-false-HAL-true,3-MX_ADC1_Init-ADC1-false-HAL-true,4-MX_TIM1_Init-TIM1-false-HAL-true,5-MX_TIM2_Init-TIM2-false-HAL-true,6-MX_TIM3_Init-TIM3-false-HAL-true,7-MX_TIM4_Init-TIM4-false-HAL-true,8-MX_TIM5_Init-TIM5-false-HAL-true,9-MX_TIM6_Init-TIM6-false-HAL-true,10-MX_TIM8_Init-TIM8-false-HAL-true,11-MX_TIM12_Init-TIM12-false-HAL-true,12-MX_TIM13_Init-TIM13-false-HAL-true,13-MX_TIM14_Init-TIM14-false-HAL-true,14-MX_TIM15_Init-TIM15-false-HAL-true,15-MX_UART4_Init-UART4-false-HAL-true,16-MX_UART5_Init-UART5-false-HAL-true,17-MX_USART1_UART_Init-USART1-false-HAL-true,18-MX_DMA_Init-DMA-false-HAL-true,19-MX_USART3_UART_Init-USART3-false-HAL-true,20-MX_ADC3_Init-ADC3-false-HAL-true,21-MX_USART2_UART_Init-USART2-false-HAL-true,0-MX_CORTEX_M7_Init-CORTEX_M7-false-HAL-true
RCC.ADCFreq_Value=72000000
RCC.AHB12Freq_Value=240000000
RCC.AHB4Freq_Value=240000000
RCC.APB1Freq_Value=120000000
RCC.APB2Freq_Value=120000000
RCC.APB3Freq_Value=120000000
RCC.APB4Freq_Value=120000000
RCC.AXIClockFreq_Value=240000000
RCC.CECFreq_Value=32000
RCC.CKPERFreq_Value=64000000
RCC.CortexFreq_Value=480000000
RCC.CpuClockFreq_Value=480000000
RCC.D1CPREFreq_Value=480000000
RCC.D1PPRE=RCC_APB3_DIV2
RCC.D2PPRE1=RCC_APB1_DIV2
RCC.D2PPRE2=RCC_APB2_DIV2
RCC.D3PPRE=RCC_APB4_DIV2
RCC.DFSDMACLkFreq_Value=480000000
RCC.DFSDMFreq_Value=120000000
RCC.DIVM1=2
RCC.DIVM2=1
RCC.DIVN1=160
RCC.DIVN2=24
RCC.DIVP1Freq_Value=480000000
RCC.DIVP2=4
RCC.DIVP2Freq_Value=72000000
RCC.DIVP3Freq_Value=24187500
RCC.DIVQ1Freq_Value=480000000
RCC.DIVQ2Freq_Value=144000000
RCC.DIVQ3Freq_Value=24187500
RCC.DIVR1Freq_Value=480000000
RCC.DIVR2Freq_Value=144000000
RCC.DIVR3Freq_Value=24187500
RCC.EnbaleCSS=false
RCC.FDCANFreq_Value=480000000
RCC.FMCFreq_Value=240000000
RCC.FamilyName=M
RCC.HCLK3ClockFreq_Value=240000000
RCC.HCLKFreq_Value=240000000
RCC.HPRE=RCC_HCLK_DIV2
RCC.HRTIMFreq_Value=240000000
RCC.HSE_VALUE=12000000
RCC.I2C123Freq_Value=120000000
RCC.I2C4Freq_Value=120000000
RCC.IPParameters=ADCFreq_Value,AHB12Freq_Value,AHB4Freq_Value,APB1Freq_Value,APB2Freq_Value,APB3Freq_Value,APB4Freq_Value,AXIClockFreq_Value,CECFreq_Value,CKPERFreq_Value,CortexFreq_Value,CpuClockFreq_Value,D1CPREFreq_Value,D1PPRE,D2PPRE1,D2PPRE2,D3PPRE,DFSDMACLkFreq_Value,DFSDMFreq_Value,DIVM1,DIVM2,DIVN1,DIVN2,DIVP1Freq_Value,DIVP2,DIVP2Freq_Value,DIVP3Freq_Value,DIVQ1Freq_Value,DIVQ2Freq_Value,DIVQ3Freq_Value,DIVR1Freq_Value,DIVR2Freq_Value,DIVR3Freq_Value,EnbaleCSS,FDCANFreq_Value,FMCFreq_Value,FamilyName,HCLK3ClockFreq_Value,HCLKFreq_Value,HPRE,HRTIMFreq_Value,HSE_VALUE,I2C123Freq_Value,I2C4Freq_Value,LPTIM1Freq_Value,LPTIM2Freq_Value,LPTIM345Freq_Value,LPUART1Freq_Value,LTDCFreq_Value,MCO1PinFreq_Value,MCO2PinFreq_Value,PLL1_VCI_Range-AdvancedSettings,PLL1_VCO_SEL-AdvancedSettings,PLL2FRACN,PLL2_VCI_Range-AdvancedSettings,PLL2_VCO_SEL-AdvancedSettings,PLL3FRACN,PLL3_VCI_Range-AdvancedSettings,PLL3_VCO_SEL-AdvancedSettings,PLLSourceVirtual,QSPIFreq_Value,RNGFreq_Value,RTCFreq_Value,SAI1Freq_Value,SAI23Freq_Value,SAI4AFreq_Value,SAI4BFreq_Value,SDMMCFreq_Value,SPDIFRXFreq_Value,SPI123Freq_Value,SPI45Freq_Value,SPI6Freq_Value,SWPMI1Freq_Value,SYSCLKFreq_VALUE,SYSCLKSource,Tim1OutputFreq_Value,Tim2OutputFreq_Value,TraceFreq_Value,USART16Freq_Value,USART234578Freq_Value,USBFreq_Value,VCO1OutputFreq_Value,VCO2OutputFreq_Value,VCO3OutputFreq_Value,VCOInput1Freq_Value,VCOInput2Freq_Value,VCOInput3Freq_Value
RCC.LPTIM1Freq_Value=120000000
RCC.LPTIM2Freq_Value=120000000
RCC.LPTIM345Freq_Value=120000000
RCC.LPUART1Freq_Value=120000000
RCC.LTDCFreq_Value=24187500
RCC.MCO1PinFreq_Value=64000000
RCC.MCO2PinFreq_Value=480000000
RCC.PLL1_VCI_Range-AdvancedSettings=RCC_PLL1VCIRANGE_0
RCC.PLL1_VCO_SEL-AdvancedSettings=RCC_PLL1VCOMEDIUM
RCC.PLL2FRACN=0
RCC.PLL2_VCI_Range-AdvancedSettings=RCC_PLL2VCIRANGE_0
RCC.PLL2_VCO_SEL-AdvancedSettings=RCC_PLL2VCOMEDIUM
RCC.PLL3FRACN=0
RCC.PLL3_VCI_Range-AdvancedSettings=RCC_PLL3VCIRANGE_0
RCC.PLL3_VCO_SEL-AdvancedSettings=RCC_PLL3VCOMEDIUM
RCC.PLLSourceVirtual=RCC_PLLSOURCE_HSE
RCC.QSPIFreq_Value=240000000
RCC.RNGFreq_Value=48000000
RCC.RTCFreq_Value=32000
RCC.SAI1Freq_Value=480000000
RCC.SAI23Freq_Value=480000000
RCC.SAI4AFreq_Value=480000000
RCC.SAI4BFreq_Value=480000000
RCC.SDMMCFreq_Value=480000000
RCC.SPDIFRXFreq_Value=480000000
RCC.SPI123Freq_Value=480000000
RCC.SPI45Freq_Value=120000000
RCC.SPI6Freq_Value=120000000
RCC.SWPMI1Freq_Value=120000000
RCC.SYSCLKFreq_VALUE=480000000
RCC.SYSCLKSource=RCC_SYSCLKSOURCE_PLLCLK
RCC.Tim1OutputFreq_Value=240000000
RCC.Tim2OutputFreq_Value=240000000
RCC.TraceFreq_Value=64000000
RCC.USART16Freq_Value=120000000
RCC.USART234578Freq_Value=120000000
RCC.USBFreq_Value=480000000
RCC.VCO1OutputFreq_Value=960000000
RCC.VCO2OutputFreq_Value=288000000
RCC.VCO3OutputFreq_Value=48375000
RCC.VCOInput1Freq_Value=6000000
RCC.VCOInput2Freq_Value=12000000
RCC.VCOInput3Freq_Value=375000
SH.ADCx_INP18.0=ADC1_INP18,IN18-Single-Ended
SH.ADCx_INP18.ConfNb=1
SH.ADCx_INP19.0=ADC1_INP19,IN19-Single-Ended
SH.ADCx_INP19.ConfNb=1
SH.ADCx_INP4.0=ADC1_INP4,IN4-Single-Ended
SH.ADCx_INP4.ConfNb=1
SH.ADCx_INP5.0=ADC1_INP5,IN5-Single-Ended
SH.ADCx_INP5.ConfNb=1
SH.ADCx_INP8.0=ADC1_INP8,IN8-Single-Ended
SH.ADCx_INP8.ConfNb=1
SH.ADCx_INP9.0=ADC1_INP9,IN9-Single-Ended
SH.ADCx_INP9.ConfNb=1
SH.S_TIM12_CH1.0=TIM12_CH1,PWM Generation1 CH1
SH.S_TIM12_CH1.ConfNb=1
SH.S_TIM12_CH2.0=TIM12_CH2,PWM Generation2 CH2
SH.S_TIM12_CH2.ConfNb=1
SH.S_TIM13_CH1.0=TIM13_CH1,PWM Generation1 CH1
SH.S_TIM13_CH1.ConfNb=1
SH.S_TIM14_CH1.0=TIM14_CH1,PWM Generation1 CH1
SH.S_TIM14_CH1.ConfNb=1
SH.S_TIM15_CH1.0=TIM15_CH1,PWM Generation1 CH1
SH.S_TIM15_CH1.ConfNb=1
SH.S_TIM15_CH2.0=TIM15_CH2,PWM Generation2 CH2
SH.S_TIM15_CH2.ConfNb=1
SH.S_TIM1_CH1.0=TIM1_CH1,Encoder_Interface
SH.S_TIM1_CH1.ConfNb=1
SH.S_TIM1_CH2.0=TIM1_CH2,Encoder_Interface
SH.S_TIM1_CH2.ConfNb=1
SH.S_TIM2_CH1_ETR.0=TIM2_CH1,Encoder_Interface
SH.S_TIM2_CH1_ETR.ConfNb=1
SH.S_TIM2_CH2.0=TIM2_CH2,Encoder_Interface
SH.S_TIM2_CH2.ConfNb=1
SH.S_TIM3_CH1.0=TIM3_CH1,Encoder_Interface
SH.S_TIM3_CH1.ConfNb=1
SH.S_TIM3_CH2.0=TIM3_CH2,Encoder_Interface
SH.S_TIM3_CH2.ConfNb=1
SH.S_TIM4_CH1.0=TIM4_CH1,Encoder_Interface
SH.S_TIM4_CH1.ConfNb=1
SH.S_TIM4_CH2.0=TIM4_CH2,Encoder_Interface
SH.S_TIM4_CH2.ConfNb=1
SH.S_TIM5_CH1.0=TIM5_CH1,Encoder_Interface
SH.S_TIM5_CH1.ConfNb=1
SH.S_TIM5_CH2.0=TIM5_CH2,Encoder_Interface
SH.S_TIM5_CH2.ConfNb=1
SH.S_TIM8_CH1.0=TIM8_CH1,Encoder_Interface
SH.S_TIM8_CH1.ConfNb=1
SH.S_TIM8_CH2.0=TIM8_CH2,Encoder_Interface
SH.S_TIM8_CH2.ConfNb=1
TIM1.AutoReloadPreload=TIM_AUTORELOAD_PRELOAD_ENABLE
TIM1.EncoderMode=TIM_ENCODERMODE_TI12
TIM1.IC1Filter=5
TIM1.IC2Filter=5
TIM1.IPParameters=EncoderMode,IC2Filter,IC1Filter,AutoReloadPreload
TIM12.AutoReloadPreload=TIM_AUTORELOAD_PRELOAD_ENABLE
TIM12.Channel-PWM\ Generation1\ CH1=TIM_CHANNEL_1
TIM12.Channel-PWM\ Generation2\ CH2=TIM_CHANNEL_2
TIM12.IPParameters=Period,AutoReloadPreload,Channel-PWM Generation1 CH1,Channel-PWM Generation2 CH2,Prescaler
TIM12.Period=12000
TIM12.Prescaler=0
TIM13.AutoReloadPreload=TIM_AUTORELOAD_PRELOAD_ENABLE
TIM13.Channel=TIM_CHANNEL_1
TIM13.IPParameters=Channel,Prescaler,Period,AutoReloadPreload
TIM13.Period=12000
TIM13.Prescaler=0
TIM14.AutoReloadPreload=TIM_AUTORELOAD_PRELOAD_ENABLE
TIM14.Channel=TIM_CHANNEL_1
TIM14.IPParameters=Channel,Prescaler,Period,AutoReloadPreload
TIM14.Period=12000
TIM14.Prescaler=0
TIM15.AutoReloadPreload=TIM_AUTORELOAD_PRELOAD_ENABLE
TIM15.Channel-PWM\ Generation1\ CH1=TIM_CHANNEL_1
TIM15.Channel-PWM\ Generation2\ CH2=TIM_CHANNEL_2
TIM15.IPParameters=Channel-PWM Generation1 CH1,Channel-PWM Generation2 CH2,Prescaler,Period,AutoReloadPreload,OCIdleState_1,OCIdleState_2
TIM15.OCIdleState_1=TIM_OCIDLESTATE_SET
TIM15.OCIdleState_2=TIM_OCIDLESTATE_SET
TIM15.Period=12000
TIM15.Prescaler=0
TIM2.AutoReloadPreload=TIM_AUTORELOAD_PRELOAD_ENABLE
TIM2.EncoderMode=TIM_ENCODERMODE_TI12
TIM2.IC1Filter=10
TIM2.IC2Filter=10
TIM2.IPParameters=Period,EncoderMode,IC1Filter,IC2Filter,AutoReloadPreload
TIM2.Period=65535
TIM3.AutoReloadPreload=TIM_AUTORELOAD_PRELOAD_ENABLE
TIM3.EncoderMode=TIM_ENCODERMODE_TI12
TIM3.IC1Filter=10
TIM3.IC2Filter=10
TIM3.IPParameters=EncoderMode,IC1Filter,IC2Filter,AutoReloadPreload
TIM4.AutoReloadPreload=TIM_AUTORELOAD_PRELOAD_ENABLE
TIM4.EncoderMode=TIM_ENCODERMODE_TI12
TIM4.IC1Filter=10
TIM4.IC2Filter=10
TIM4.IPParameters=EncoderMode,IC1Filter,IC2Filter,AutoReloadPreload
TIM5.AutoReloadPreload=TIM_AUTORELOAD_PRELOAD_ENABLE
TIM5.EncoderMode=TIM_ENCODERMODE_TI12
TIM5.IC1Filter=10
TIM5.IC2Filter=10
TIM5.IPParameters=EncoderMode,Period,IC1Filter,IC2Filter,AutoReloadPreload
TIM5.Period=65535
TIM6.AutoReloadPreload=TIM_AUTORELOAD_PRELOAD_ENABLE
TIM6.IPParameters=Prescaler,Period,AutoReloadPreload
TIM6.Period=1000-1
TIM6.Prescaler=24-1
TIM8.AutoReloadPreload=TIM_AUTORELOAD_PRELOAD_ENABLE
TIM8.EncoderMode=TIM_ENCODERMODE_TI12
TIM8.IC1Filter=10
TIM8.IC2Filter=10
TIM8.IPParameters=AutoReloadPreload,EncoderMode,IC1Filter,IC2Filter
USART1.BaudRate=256000
USART1.IPParameters=VirtualMode-Asynchronous,BaudRate
USART1.VirtualMode-Asynchronous=VM_ASYNC
USART2.IPParameters=VirtualMode-Asynchronous
USART2.VirtualMode-Asynchronous=VM_ASYNC
USART3.IPParameters=VirtualMode-Asynchronous,OverrunDisableParam
USART3.OverrunDisableParam=ADVFEATURE_OVERRUN_DISABLE
USART3.VirtualMode-Asynchronous=VM_ASYNC
VP_ADC3_TempSens_Input.Mode=IN-TempSens
VP_ADC3_TempSens_Input.Signal=ADC3_TempSens_Input
VP_SYS_VS_Systick.Mode=SysTick
VP_SYS_VS_Systick.Signal=SYS_VS_Systick
VP_TIM12_VS_ClockSourceINT.Mode=Internal
VP_TIM12_VS_ClockSourceINT.Signal=TIM12_VS_ClockSourceINT
VP_TIM13_VS_ClockSourceINT.Mode=Enable_Timer
VP_TIM13_VS_ClockSourceINT.Signal=TIM13_VS_ClockSourceINT
VP_TIM14_VS_ClockSourceINT.Mode=Enable_Timer
VP_TIM14_VS_ClockSourceINT.Signal=TIM14_VS_ClockSourceINT
VP_TIM15_VS_ClockSourceINT.Mode=Internal
VP_TIM15_VS_ClockSourceINT.Signal=TIM15_VS_ClockSourceINT
VP_TIM6_VS_ClockSourceINT.Mode=Enable_Timer
VP_TIM6_VS_ClockSourceINT.Signal=TIM6_VS_ClockSourceINT
board=custom
